{
  "name": "backend",
  "version": "1.0.0",
  "lockfileVersion": 3,
  "requires": true,
  "packages": {
    "": {
      "name": "backend",
      "version": "1.0.0",
      "license": "ISC",
      "dependencies": {
        "@hapi/hapi": "^21.4.0",
        "backend": "file:"
      }
    },
    "node_modules/backend": {
      "resolved": "",
      "link": true
    }
  }
}
